{
  "name": "portfolio",
  "requires": true,
  "lockfileVersion": 1,
  "dependencies": {
    "@fortawesome/fontawesome-free": {
      "version": "5.13.0",
      "resolved": "https://registry.npmjs.org/@fortawesome/fontawesome-free/-/fontawesome-free-5.13.0.tgz",
      "integrity": "sha512-xKOeQEl5O47GPZYIMToj6uuA2syyFlq9EMSl2ui0uytjY9xbe8XS0pexNWmxrdcCyNGyDmLyYw5FtKsalBUeOg=="
    },
    "animadio": {
      "version": "2.4.4",
      "resolved": "https://registry.npmjs.org/animadio/-/animadio-2.4.4.tgz",
      "integrity": "sha512-L8KR0/BgWuIWmvJm9z+qo9VBCFuXz/tGfSBogykXyl2w9OXOedRwv5oM6Cm4TdF+vCk+ghuiGLkAF44NuG8eWQ=="
    }
  }
}
