{
  "name": "portfolio",
  "requires": true,
  "lockfileVersion": 1,
  "dependencies": {
    "animadio": {
      "version": "0.8.2",
      "resolved": "https://registry.npmjs.org/animadio/-/animadio-0.8.2.tgz",
      "integrity": "sha512-Rjf9T8aznhaYhFX9S9rakdjkHNEk/40Ci/noYkhNE97EO65/RHtAP/v7Omyc+YfDZkP6AoH9kfYtogQZuRR2yg=="
    }
  }
}
