{
  "name": "portfolio",
  "requires": true,
  "lockfileVersion": 1,
  "dependencies": {
    "@fortawesome/fontawesome-free": {
      "version": "5.13.1",
      "resolved": "https://registry.npmjs.org/@fortawesome/fontawesome-free/-/fontawesome-free-5.13.1.tgz",
      "integrity": "sha512-D819f34FLHeBN/4xvw0HR0u7U2G7RqjPSggXqf7LktsxWQ48VAfGwvMrhcVuaZV2fF069c/619RdgCCms0DHhw=="
    },
    "animadio": {
      "version": "2.4.4",
      "resolved": "https://registry.npmjs.org/animadio/-/animadio-2.4.4.tgz",
      "integrity": "sha512-L8KR0/BgWuIWmvJm9z+qo9VBCFuXz/tGfSBogykXyl2w9OXOedRwv5oM6Cm4TdF+vCk+ghuiGLkAF44NuG8eWQ=="
    }
  }
}
